// !$*UTF8*$!
{
	archiveVersion = 1;
	classes = {
	};
	objectVersion = 52;
	objects = {

/* Begin PBXBuildFile section */
		33D69BE3BF71AD534AF12E95 /* Pods_Flix.framework in Frameworks */ = {isa = PBXBuildFile; fileRef = 3ACCC16968D068732FFE370B /* Pods_Flix.framework */; };
		38856AE04D3CCDE04C8B9749 /* Pods_Flix_FlixUITests.framework in Frameworks */ = {isa = PBXBuildFile; fileRef = 34911042372C53BC3BCD1114 /* Pods_Flix_FlixUITests.framework */; };
		45D00F4DCA8EACC3A2EB4A5E /* Pods_FlixTests.framework in Frameworks */ = {isa = PBXBuildFile; fileRef = F63858B20E61E5439F2ACC25 /* Pods_FlixTests.framework */; };
		E3822BEC27D1261000913760 /* AppDelegate.swift in Sources */ = {isa = PBXBuildFile; fileRef = E3822BEB27D1261000913760 /* AppDelegate.swift */; };
		E3822BEE27D1261000913760 /* SceneDelegate.swift in Sources */ = {isa = PBXBuildFile; fileRef = E3822BED27D1261000913760 /* SceneDelegate.swift */; };
		E3822BF027D1261000913760 /* MoviesViewController.swift in Sources */ = {isa = PBXBuildFile; fileRef = E3822BEF27D1261000913760 /* MoviesViewController.swift */; };
		E3822BF327D1261000913760 /* Main.storyboard in Resources */ = {isa = PBXBuildFile; fileRef = E3822BF127D1261000913760 /* Main.storyboard */; };
		E3822BF527D1262E00913760 /* Assets.xcassets in Resources */ = {isa = PBXBuildFile; fileRef = E3822BF427D1262E00913760 /* Assets.xcassets */; };
		E3822BF827D1262E00913760 /* LaunchScreen.storyboard in Resources */ = {isa = PBXBuildFile; fileRef = E3822BF627D1262E00913760 /* LaunchScreen.storyboard */; };
		E3822C0327D1262F00913760 /* FlixTests.swift in Sources */ = {isa = PBXBuildFile; fileRef = E3822C0227D1262F00913760 /* FlixTests.swift */; };
		E3822C0E27D1262F00913760 /* FlixUITests.swift in Sources */ = {isa = PBXBuildFile; fileRef = E3822C0D27D1262F00913760 /* FlixUITests.swift */; };
		E3822C2827D15B1400913760 /* MovieCell.swift in Sources */ = {isa = PBXBuildFile; fileRef = E3822C2727D15B1400913760 /* MovieCell.swift */; };
		E3822C3127D17C2200913760 /* AlamofireImage in Frameworks */ = {isa = PBXBuildFile; productRef = E3822C3027D17C2200913760 /* AlamofireImage */; };
		E39CEF4C27D2CAAE0002859D /* MovieDetailsViewController.swift in Sources */ = {isa = PBXBuildFile; fileRef = E39CEF4B27D2CAAE0002859D /* MovieDetailsViewController.swift */; };
		E39CEF5427D34E740002859D /* MovieGridViewController.swift in Sources */ = {isa = PBXBuildFile; fileRef = E39CEF5327D34E740002859D /* MovieGridViewController.swift */; };
		E39CEF5C27D41EE20002859D /* MovieGridCell.swift in Sources */ = {isa = PBXBuildFile; fileRef = E39CEF5B27D41EE10002859D /* MovieGridCell.swift */; };
/* End PBXBuildFile section */

/* Begin PBXContainerItemProxy section */
		E3822BFF27D1262F00913760 /* PBXContainerItemProxy */ = {
			isa = PBXContainerItemProxy;
			containerPortal = E3822BE027D1260F00913760 /* Project object */;
			proxyType = 1;
			remoteGlobalIDString = E3822BE727D1261000913760;
			remoteInfo = Flix;
		};
		E3822C0A27D1262F00913760 /* PBXContainerItemProxy */ = {
			isa = PBXContainerItemProxy;
			containerPortal = E3822BE027D1260F00913760 /* Project object */;
			proxyType = 1;
			remoteGlobalIDString = E3822BE727D1261000913760;
			remoteInfo = Flix;
		};
/* End PBXContainerItemProxy section */

/* Begin PBXFileReference section */
		047331822A51E45D99FE0001 /* Pods-FlixTests.debug.xcconfig */ = {isa = PBXFileReference; includeInIndex = 1; lastKnownFileType = text.xcconfig; name = "Pods-FlixTests.debug.xcconfig"; path = "Target Support Files/Pods-FlixTests/Pods-FlixTests.debug.xcconfig"; sourceTree = "<group>"; };
		33F1A11A95E31913CD1F010E /* Pods-Flix.debug.xcconfig */ = {isa = PBXFileReference; includeInIndex = 1; lastKnownFileType = text.xcconfig; name = "Pods-Flix.debug.xcconfig"; path = "Target Support Files/Pods-Flix/Pods-Flix.debug.xcconfig"; sourceTree = "<group>"; };
		34911042372C53BC3BCD1114 /* Pods_Flix_FlixUITests.framework */ = {isa = PBXFileReference; explicitFileType = wrapper.framework; includeInIndex = 0; path = Pods_Flix_FlixUITests.framework; sourceTree = BUILT_PRODUCTS_DIR; };
		3ACCC16968D068732FFE370B /* Pods_Flix.framework */ = {isa = PBXFileReference; explicitFileType = wrapper.framework; includeInIndex = 0; path = Pods_Flix.framework; sourceTree = BUILT_PRODUCTS_DIR; };
		B0190D5EBFAA3B5A525AC887 /* Pods-Flix-FlixUITests.release.xcconfig */ = {isa = PBXFileReference; includeInIndex = 1; lastKnownFileType = text.xcconfig; name = "Pods-Flix-FlixUITests.release.xcconfig"; path = "Target Support Files/Pods-Flix-FlixUITests/Pods-Flix-FlixUITests.release.xcconfig"; sourceTree = "<group>"; };
		C16E36CC7AC8AE656E35BD0A /* Pods-Flix.release.xcconfig */ = {isa = PBXFileReference; includeInIndex = 1; lastKnownFileType = text.xcconfig; name = "Pods-Flix.release.xcconfig"; path = "Target Support Files/Pods-Flix/Pods-Flix.release.xcconfig"; sourceTree = "<group>"; };
		E3822BE827D1261000913760 /* Flix.app */ = {isa = PBXFileReference; explicitFileType = wrapper.application; includeInIndex = 0; path = Flix.app; sourceTree = BUILT_PRODUCTS_DIR; };
		E3822BEB27D1261000913760 /* AppDelegate.swift */ = {isa = PBXFileReference; lastKnownFileType = sourcecode.swift; path = AppDelegate.swift; sourceTree = "<group>"; };
		E3822BED27D1261000913760 /* SceneDelegate.swift */ = {isa = PBXFileReference; lastKnownFileType = sourcecode.swift; path = SceneDelegate.swift; sourceTree = "<group>"; };
		E3822BEF27D1261000913760 /* MoviesViewController.swift */ = {isa = PBXFileReference; lastKnownFileType = sourcecode.swift; path = MoviesViewController.swift; sourceTree = "<group>"; };
		E3822BF227D1261000913760 /* Base */ = {isa = PBXFileReference; lastKnownFileType = file.storyboard; name = Base; path = Base.lproj/Main.storyboard; sourceTree = "<group>"; };
		E3822BF427D1262E00913760 /* Assets.xcassets */ = {isa = PBXFileReference; lastKnownFileType = folder.assetcatalog; path = Assets.xcassets; sourceTree = "<group>"; };
		E3822BF727D1262E00913760 /* Base */ = {isa = PBXFileReference; lastKnownFileType = file.storyboard; name = Base; path = Base.lproj/LaunchScreen.storyboard; sourceTree = "<group>"; };
		E3822BF927D1262E00913760 /* Info.plist */ = {isa = PBXFileReference; lastKnownFileType = text.plist.xml; path = Info.plist; sourceTree = "<group>"; };
		E3822BFE27D1262F00913760 /* FlixTests.xctest */ = {isa = PBXFileReference; explicitFileType = wrapper.cfbundle; includeInIndex = 0; path = FlixTests.xctest; sourceTree = BUILT_PRODUCTS_DIR; };
		E3822C0227D1262F00913760 /* FlixTests.swift */ = {isa = PBXFileReference; lastKnownFileType = sourcecode.swift; path = FlixTests.swift; sourceTree = "<group>"; };
		E3822C0427D1262F00913760 /* Info.plist */ = {isa = PBXFileReference; lastKnownFileType = text.plist.xml; path = Info.plist; sourceTree = "<group>"; };
		E3822C0927D1262F00913760 /* FlixUITests.xctest */ = {isa = PBXFileReference; explicitFileType = wrapper.cfbundle; includeInIndex = 0; path = FlixUITests.xctest; sourceTree = BUILT_PRODUCTS_DIR; };
		E3822C0D27D1262F00913760 /* FlixUITests.swift */ = {isa = PBXFileReference; lastKnownFileType = sourcecode.swift; path = FlixUITests.swift; sourceTree = "<group>"; };
		E3822C0F27D1262F00913760 /* Info.plist */ = {isa = PBXFileReference; lastKnownFileType = text.plist.xml; path = Info.plist; sourceTree = "<group>"; };
		E3822C2727D15B1400913760 /* MovieCell.swift */ = {isa = PBXFileReference; lastKnownFileType = sourcecode.swift; path = MovieCell.swift; sourceTree = "<group>"; };
		E39CEF4B27D2CAAE0002859D /* MovieDetailsViewController.swift */ = {isa = PBXFileReference; lastKnownFileType = sourcecode.swift; path = MovieDetailsViewController.swift; sourceTree = "<group>"; };
		E39CEF5327D34E740002859D /* MovieGridViewController.swift */ = {isa = PBXFileReference; lastKnownFileType = sourcecode.swift; path = MovieGridViewController.swift; sourceTree = "<group>"; };
		E39CEF5B27D41EE10002859D /* MovieGridCell.swift */ = {isa = PBXFileReference; lastKnownFileType = sourcecode.swift; path = MovieGridCell.swift; sourceTree = "<group>"; };
		E900CC9E07A872B53EA0508A /* Pods-Flix-FlixUITests.debug.xcconfig */ = {isa = PBXFileReference; includeInIndex = 1; lastKnownFileType = text.xcconfig; name = "Pods-Flix-FlixUITests.debug.xcconfig"; path = "Target Support Files/Pods-Flix-FlixUITests/Pods-Flix-FlixUITests.debug.xcconfig"; sourceTree = "<group>"; };
		F63858B20E61E5439F2ACC25 /* Pods_FlixTests.framework */ = {isa = PBXFileReference; explicitFileType = wrapper.framework; includeInIndex = 0; path = Pods_FlixTests.framework; sourceTree = BUILT_PRODUCTS_DIR; };
		FA078CD0353265B713191A3A /* Pods-FlixTests.release.xcconfig */ = {isa = PBXFileReference; includeInIndex = 1; lastKnownFileType = text.xcconfig; name = "Pods-FlixTests.release.xcconfig"; path = "Target Support Files/Pods-FlixTests/Pods-FlixTests.release.xcconfig"; sourceTree = "<group>"; };
/* End PBXFileReference section */

/* Begin PBXFrameworksBuildPhase section */
		E3822BE527D1261000913760 /* Frameworks */ = {
			isa = PBXFrameworksBuildPhase;
			buildActionMask = 2147483647;
			files = (
				E3822C3127D17C2200913760 /* AlamofireImage in Frameworks */,
				33D69BE3BF71AD534AF12E95 /* Pods_Flix.framework in Frameworks */,
			);
			runOnlyForDeploymentPostprocessing = 0;
		};
		E3822BFB27D1262F00913760 /* Frameworks */ = {
			isa = PBXFrameworksBuildPhase;
			buildActionMask = 2147483647;
			files = (
				45D00F4DCA8EACC3A2EB4A5E /* Pods_FlixTests.framework in Frameworks */,
			);
			runOnlyForDeploymentPostprocessing = 0;
		};
		E3822C0627D1262F00913760 /* Frameworks */ = {
			isa = PBXFrameworksBuildPhase;
			buildActionMask = 2147483647;
			files = (
				38856AE04D3CCDE04C8B9749 /* Pods_Flix_FlixUITests.framework in Frameworks */,
			);
			runOnlyForDeploymentPostprocessing = 0;
		};
/* End PBXFrameworksBuildPhase section */

/* Begin PBXGroup section */
		B1079009F42CDA1697AF3199 /* Frameworks */ = {
			isa = PBXGroup;
			children = (
				3ACCC16968D068732FFE370B /* Pods_Flix.framework */,
				34911042372C53BC3BCD1114 /* Pods_Flix_FlixUITests.framework */,
				F63858B20E61E5439F2ACC25 /* Pods_FlixTests.framework */,
			);
			name = Frameworks;
			sourceTree = "<group>";
		};
		D483E77475EA952D1927B0CA /* Pods */ = {
			isa = PBXGroup;
			children = (
				33F1A11A95E31913CD1F010E /* Pods-Flix.debug.xcconfig */,
				C16E36CC7AC8AE656E35BD0A /* Pods-Flix.release.xcconfig */,
				E900CC9E07A872B53EA0508A /* Pods-Flix-FlixUITests.debug.xcconfig */,
				B0190D5EBFAA3B5A525AC887 /* Pods-Flix-FlixUITests.release.xcconfig */,
				047331822A51E45D99FE0001 /* Pods-FlixTests.debug.xcconfig */,
				FA078CD0353265B713191A3A /* Pods-FlixTests.release.xcconfig */,
			);
			path = Pods;
			sourceTree = "<group>";
		};
		E3822BDF27D1260F00913760 = {
			isa = PBXGroup;
			children = (
				E3822BEA27D1261000913760 /* Flix */,
				E3822C0127D1262F00913760 /* FlixTests */,
				E3822C0C27D1262F00913760 /* FlixUITests */,
				E3822BE927D1261000913760 /* Products */,
				D483E77475EA952D1927B0CA /* Pods */,
				B1079009F42CDA1697AF3199 /* Frameworks */,
			);
			sourceTree = "<group>";
		};
		E3822BE927D1261000913760 /* Products */ = {
			isa = PBXGroup;
			children = (
				E3822BE827D1261000913760 /* Flix.app */,
				E3822BFE27D1262F00913760 /* FlixTests.xctest */,
				E3822C0927D1262F00913760 /* FlixUITests.xctest */,
			);
			name = Products;
			sourceTree = "<group>";
		};
		E3822BEA27D1261000913760 /* Flix */ = {
			isa = PBXGroup;
			children = (
				E3822C2727D15B1400913760 /* MovieCell.swift */,
				E3822BEB27D1261000913760 /* AppDelegate.swift */,
				E3822BED27D1261000913760 /* SceneDelegate.swift */,
				E3822BEF27D1261000913760 /* MoviesViewController.swift */,
				E3822BF127D1261000913760 /* Main.storyboard */,
				E3822BF427D1262E00913760 /* Assets.xcassets */,
				E3822BF627D1262E00913760 /* LaunchScreen.storyboard */,
				E3822BF927D1262E00913760 /* Info.plist */,
				E39CEF4B27D2CAAE0002859D /* MovieDetailsViewController.swift */,
				E39CEF5327D34E740002859D /* MovieGridViewController.swift */,
				E39CEF5B27D41EE10002859D /* MovieGridCell.swift */,
			);
			path = Flix;
			sourceTree = "<group>";
		};
		E3822C0127D1262F00913760 /* FlixTests */ = {
			isa = PBXGroup;
			children = (
				E3822C0227D1262F00913760 /* FlixTests.swift */,
				E3822C0427D1262F00913760 /* Info.plist */,
			);
			path = FlixTests;
			sourceTree = "<group>";
		};
		E3822C0C27D1262F00913760 /* FlixUITests */ = {
			isa = PBXGroup;
			children = (
				E3822C0D27D1262F00913760 /* FlixUITests.swift */,
				E3822C0F27D1262F00913760 /* Info.plist */,
			);
			path = FlixUITests;
			sourceTree = "<group>";
		};
/* End PBXGroup section */

/* Begin PBXNativeTarget section */
		E3822BE727D1261000913760 /* Flix */ = {
			isa = PBXNativeTarget;
			buildConfigurationList = E3822C1227D1262F00913760 /* Build configuration list for PBXNativeTarget "Flix" */;
			buildPhases = (
				13EA9ADF47070AE4525BB7C1 /* [CP] Check Pods Manifest.lock */,
				E3822BE427D1261000913760 /* Sources */,
				E3822BE527D1261000913760 /* Frameworks */,
				E3822BE627D1261000913760 /* Resources */,
				1D30EC0FB7E2E29860EF0084 /* [CP] Embed Pods Frameworks */,
			);
			buildRules = (
			);
			dependencies = (
			);
			name = Flix;
			packageProductDependencies = (
				E3822C3027D17C2200913760 /* AlamofireImage */,
			);
			productName = Flix;
			productReference = E3822BE827D1261000913760 /* Flix.app */;
			productType = "com.apple.product-type.application";
		};
		E3822BFD27D1262F00913760 /* FlixTests */ = {
			isa = PBXNativeTarget;
			buildConfigurationList = E3822C1527D1262F00913760 /* Build configuration list for PBXNativeTarget "FlixTests" */;
			buildPhases = (
				8270C0879DED4B575BF0425E /* [CP] Check Pods Manifest.lock */,
				E3822BFA27D1262F00913760 /* Sources */,
				E3822BFB27D1262F00913760 /* Frameworks */,
				E3822BFC27D1262F00913760 /* Resources */,
			);
			buildRules = (
			);
			dependencies = (
				E3822C0027D1262F00913760 /* PBXTargetDependency */,
			);
			name = FlixTests;
			productName = FlixTests;
			productReference = E3822BFE27D1262F00913760 /* FlixTests.xctest */;
			productType = "com.apple.product-type.bundle.unit-test";
		};
		E3822C0827D1262F00913760 /* FlixUITests */ = {
			isa = PBXNativeTarget;
			buildConfigurationList = E3822C1827D1262F00913760 /* Build configuration list for PBXNativeTarget "FlixUITests" */;
			buildPhases = (
				67DA5F68620BEF786E873032 /* [CP] Check Pods Manifest.lock */,
				E3822C0527D1262F00913760 /* Sources */,
				E3822C0627D1262F00913760 /* Frameworks */,
				E3822C0727D1262F00913760 /* Resources */,
				B155814F83F5F4C65E3619E3 /* [CP] Embed Pods Frameworks */,
			);
			buildRules = (
			);
			dependencies = (
				E3822C0B27D1262F00913760 /* PBXTargetDependency */,
			);
			name = FlixUITests;
			productName = FlixUITests;
			productReference = E3822C0927D1262F00913760 /* FlixUITests.xctest */;
			productType = "com.apple.product-type.bundle.ui-testing";
		};
/* End PBXNativeTarget section */

/* Begin PBXProject section */
		E3822BE027D1260F00913760 /* Project object */ = {
			isa = PBXProject;
			attributes = {
				LastSwiftUpdateCheck = 1240;
				LastUpgradeCheck = 1240;
				TargetAttributes = {
					E3822BE727D1261000913760 = {
						CreatedOnToolsVersion = 12.4;
					};
					E3822BFD27D1262F00913760 = {
						CreatedOnToolsVersion = 12.4;
						TestTargetID = E3822BE727D1261000913760;
					};
					E3822C0827D1262F00913760 = {
						CreatedOnToolsVersion = 12.4;
						TestTargetID = E3822BE727D1261000913760;
					};
				};
			};
			buildConfigurationList = E3822BE327D1260F00913760 /* Build configuration list for PBXProject "Flix" */;
			compatibilityVersion = "Xcode 9.3";
			developmentRegion = en;
			hasScannedForEncodings = 0;
			knownRegions = (
				en,
				Base,
			);
			mainGroup = E3822BDF27D1260F00913760;
			packageReferences = (
				E3822C2F27D17C2200913760 /* XCRemoteSwiftPackageReference "AlamofireImage" */,
			);
			productRefGroup = E3822BE927D1261000913760 /* Products */;
			projectDirPath = "";
			projectRoot = "";
			targets = (
				E3822BE727D1261000913760 /* Flix */,
				E3822BFD27D1262F00913760 /* FlixTests */,
				E3822C0827D1262F00913760 /* FlixUITests */,
			);
		};
/* End PBXProject section */

/* Begin PBXResourcesBuildPhase section */
		E3822BE627D1261000913760 /* Resources */ = {
			isa = PBXResourcesBuildPhase;
			buildActionMask = 2147483647;
			files = (
				E3822BF827D1262E00913760 /* LaunchScreen.storyboard in Resources */,
				E3822BF527D1262E00913760 /* Assets.xcassets in Resources */,
				E3822BF327D1261000913760 /* Main.storyboard in Resources */,
			);
			runOnlyForDeploymentPostprocessing = 0;
		};
		E3822BFC27D1262F00913760 /* Resources */ = {
			isa = PBXResourcesBuildPhase;
			buildActionMask = 2147483647;
			files = (
			);
			runOnlyForDeploymentPostprocessing = 0;
		};
		E3822C0727D1262F00913760 /* Resources */ = {
			isa = PBXResourcesBuildPhase;
			buildActionMask = 2147483647;
			files = (
			);
			runOnlyForDeploymentPostprocessing = 0;
		};
/* End PBXResourcesBuildPhase section */

/* Begin PBXShellScriptBuildPhase section */
		13EA9ADF47070AE4525BB7C1 /* [CP] Check Pods Manifest.lock */ = {
			isa = PBXShellScriptBuildPhase;
			buildActionMask = 2147483647;
			files = (
			);
			inputFileListPaths = (
			);
			inputPaths = (
				"${PODS_PODFILE_DIR_PATH}/Podfile.lock",
				"${PODS_ROOT}/Manifest.lock",
			);
			name = "[CP] Check Pods Manifest.lock";
			outputFileListPaths = (
			);
			outputPaths = (
				"$(DERIVED_FILE_DIR)/Pods-Flix-checkManifestLockResult.txt",
			);
			runOnlyForDeploymentPostprocessing = 0;
			shellPath = /bin/sh;
			shellScript = "diff \"${PODS_PODFILE_DIR_PATH}/Podfile.lock\" \"${PODS_ROOT}/Manifest.lock\" > /dev/null\nif [ $? != 0 ] ; then\n    # print error to STDERR\n    echo \"error: The sandbox is not in sync with the Podfile.lock. Run 'pod install' or update your CocoaPods installation.\" >&2\n    exit 1\nfi\n# This output is used by Xcode 'outputs' to avoid re-running this script phase.\necho \"SUCCESS\" > \"${SCRIPT_OUTPUT_FILE_0}\"\n";
			showEnvVarsInLog = 0;
		};
		1D30EC0FB7E2E29860EF0084 /* [CP] Embed Pods Frameworks */ = {
			isa = PBXShellScriptBuildPhase;
			buildActionMask = 2147483647;
			files = (
			);
			inputFileListPaths = (
				"${PODS_ROOT}/Target Support Files/Pods-Flix/Pods-Flix-frameworks-${CONFIGURATION}-input-files.xcfilelist",
			);
			name = "[CP] Embed Pods Frameworks";
			outputFileListPaths = (
				"${PODS_ROOT}/Target Support Files/Pods-Flix/Pods-Flix-frameworks-${CONFIGURATION}-output-files.xcfilelist",
			);
			runOnlyForDeploymentPostprocessing = 0;
			shellPath = /bin/sh;
			shellScript = "\"${PODS_ROOT}/Target Support Files/Pods-Flix/Pods-Flix-frameworks.sh\"\n";
			showEnvVarsInLog = 0;
		};
		67DA5F68620BEF786E873032 /* [CP] Check Pods Manifest.lock */ = {
			isa = PBXShellScriptBuildPhase;
			buildActionMask = 2147483647;
			files = (
			);
			inputFileListPaths = (
			);
			inputPaths = (
				"${PODS_PODFILE_DIR_PATH}/Podfile.lock",
				"${PODS_ROOT}/Manifest.lock",
			);
			name = "[CP] Check Pods Manifest.lock";
			outputFileListPaths = (
			);
			outputPaths = (
				"$(DERIVED_FILE_DIR)/Pods-Flix-FlixUITests-checkManifestLockResult.txt",
			);
			runOnlyForDeploymentPostprocessing = 0;
			shellPath = /bin/sh;
			shellScript = "diff \"${PODS_PODFILE_DIR_PATH}/Podfile.lock\" \"${PODS_ROOT}/Manifest.lock\" > /dev/null\nif [ $? != 0 ] ; then\n    # print error to STDERR\n    echo \"error: The sandbox is not in sync with the Podfile.lock. Run 'pod install' or update your CocoaPods installation.\" >&2\n    exit 1\nfi\n# This output is used by Xcode 'outputs' to avoid re-running this script phase.\necho \"SUCCESS\" > \"${SCRIPT_OUTPUT_FILE_0}\"\n";
			showEnvVarsInLog = 0;
		};
		8270C0879DED4B575BF0425E /* [CP] Check Pods Manifest.lock */ = {
			isa = PBXShellScriptBuildPhase;
			buildActionMask = 2147483647;
			files = (
			);
			inputFileListPaths = (
			);
			inputPaths = (
				"${PODS_PODFILE_DIR_PATH}/Podfile.lock",
				"${PODS_ROOT}/Manifest.lock",
			);
			name = "[CP] Check Pods Manifest.lock";
			outputFileListPaths = (
			);
			outputPaths = (
				"$(DERIVED_FILE_DIR)/Pods-FlixTests-checkManifestLockResult.txt",
			);
			runOnlyForDeploymentPostprocessing = 0;
			shellPath = /bin/sh;
			shellScript = "diff \"${PODS_PODFILE_DIR_PATH}/Podfile.lock\" \"${PODS_ROOT}/Manifest.lock\" > /dev/null\nif [ $? != 0 ] ; then\n    # print error to STDERR\n    echo \"error: The sandbox is not in sync with the Podfile.lock. Run 'pod install' or update your CocoaPods installation.\" >&2\n    exit 1\nfi\n# This output is used by Xcode 'outputs' to avoid re-running this script phase.\necho \"SUCCESS\" > \"${SCRIPT_OUTPUT_FILE_0}\"\n";
			showEnvVarsInLog = 0;
		};
		B155814F83F5F4C65E3619E3 /* [CP] Embed Pods Frameworks */ = {
			isa = PBXShellScriptBuildPhase;
			buildActionMask = 2147483647;
			files = (
			);
			inputFileListPaths = (
				"${PODS_ROOT}/Target Support Files/Pods-Flix-FlixUITests/Pods-Flix-FlixUITests-frameworks-${CONFIGURATION}-input-files.xcfilelist",
			);
			name = "[CP] Embed Pods Frameworks";
			outputFileListPaths = (
				"${PODS_ROOT}/Target Support Files/Pods-Flix-FlixUITests/Pods-Flix-FlixUITests-frameworks-${CONFIGURATION}-output-files.xcfilelist",
			);
			runOnlyForDeploymentPostprocessing = 0;
			shellPath = /bin/sh;
			shellScript = "\"${PODS_ROOT}/Target Support Files/Pods-Flix-FlixUITests/Pods-Flix-FlixUITests-frameworks.sh\"\n";
			showEnvVarsInLog = 0;
		};
/* End PBXShellScriptBuildPhase section */

/* Begin PBXSourcesBuildPhase section */
		E3822BE427D1261000913760 /* Sources */ = {
			isa = PBXSourcesBuildPhase;
			buildActionMask = 2147483647;
			files = (
				E39CEF4C27D2CAAE0002859D /* MovieDetailsViewController.swift in Sources */,
				E3822BF027D1261000913760 /* MoviesViewController.swift in Sources */,
				E3822BEC27D1261000913760 /* AppDelegate.swift in Sources */,
				E3822C2827D15B1400913760 /* MovieCell.swift in Sources */,
				E3822BEE27D1261000913760 /* SceneDelegate.swift in Sources */,
				E39CEF5427D34E740002859D /* MovieGridViewController.swift in Sources */,
				E39CEF5C27D41EE20002859D /* MovieGridCell.swift in Sources */,
			);
			runOnlyForDeploymentPostprocessing = 0;
		};
		E3822BFA27D1262F00913760 /* Sources */ = {
			isa = PBXSourcesBuildPhase;
			buildActionMask = 2147483647;
			files = (
				E3822C0327D1262F00913760 /* FlixTests.swift in Sources */,
			);
			runOnlyForDeploymentPostprocessing = 0;
		};
		E3822C0527D1262F00913760 /* Sources */ = {
			isa = PBXSourcesBuildPhase;
			buildActionMask = 2147483647;
			files = (
				E3822C0E27D1262F00913760 /* FlixUITests.swift in Sources */,
			);
			runOnlyForDeploymentPostprocessing = 0;
		};
/* End PBXSourcesBuildPhase section */

/* Begin PBXTargetDependency section */
		E3822C0027D1262F00913760 /* PBXTargetDependency */ = {
			isa = PBXTargetDependency;
			target = E3822BE727D1261000913760 /* Flix */;
			targetProxy = E3822BFF27D1262F00913760 /* PBXContainerItemProxy */;
		};
		E3822C0B27D1262F00913760 /* PBXTargetDependency */ = {
			isa = PBXTargetDependency;
			target = E3822BE727D1261000913760 /* Flix */;
			targetProxy = E3822C0A27D1262F00913760 /* PBXContainerItemProxy */;
		};
/* End PBXTargetDependency section */

/* Begin PBXVariantGroup section */
		E3822BF127D1261000913760 /* Main.storyboard */ = {
			isa = PBXVariantGroup;
			children = (
				E3822BF227D1261000913760 /* Base */,
			);
			name = Main.storyboard;
			sourceTree = "<group>";
		};
		E3822BF627D1262E00913760 /* LaunchScreen.storyboard */ = {
			isa = PBXVariantGroup;
			children = (
				E3822BF727D1262E00913760 /* Base */,
			);
			name = LaunchScreen.storyboard;
			sourceTree = "<group>";
		};
/* End PBXVariantGroup section */

/* Begin XCBuildConfiguration section */
		E3822C1027D1262F00913760 /* Debug */ = {
			isa = XCBuildConfiguration;
			buildSettings = {
				ALWAYS_SEARCH_USER_PATHS = NO;
				CLANG_ANALYZER_NONNULL = YES;
				CLANG_ANALYZER_NUMBER_OBJECT_CONVERSION = YES_AGGRESSIVE;
				CLANG_CXX_LANGUAGE_STANDARD = "gnu++14";
				CLANG_CXX_LIBRARY = "libc++";
				CLANG_ENABLE_MODULES = YES;
				CLANG_ENABLE_OBJC_ARC = YES;
				CLANG_ENABLE_OBJC_WEAK = YES;
				CLANG_WARN_BLOCK_CAPTURE_AUTORELEASING = YES;
				CLANG_WARN_BOOL_CONVERSION = YES;
				CLANG_WARN_COMMA = YES;
				CLANG_WARN_CONSTANT_CONVERSION = YES;
				CLANG_WARN_DEPRECATED_OBJC_IMPLEMENTATIONS = YES;
				CLANG_WARN_DIRECT_OBJC_ISA_USAGE = YES_ERROR;
				CLANG_WARN_DOCUMENTATION_COMMENTS = YES;
				CLANG_WARN_EMPTY_BODY = YES;
				CLANG_WARN_ENUM_CONVERSION = YES;
				CLANG_WARN_INFINITE_RECURSION = YES;
				CLANG_WARN_INT_CONVERSION = YES;
				CLANG_WARN_NON_LITERAL_NULL_CONVERSION = YES;
				CLANG_WARN_OBJC_IMPLICIT_RETAIN_SELF = YES;
				CLANG_WARN_OBJC_LITERAL_CONVERSION = YES;
				CLANG_WARN_OBJC_ROOT_CLASS = YES_ERROR;
				CLANG_WARN_QUOTED_INCLUDE_IN_FRAMEWORK_HEADER = YES;
				CLANG_WARN_RANGE_LOOP_ANALYSIS = YES;
				CLANG_WARN_STRICT_PROTOTYPES = YES;
				CLANG_WARN_SUSPICIOUS_MOVE = YES;
				CLANG_WARN_UNGUARDED_AVAILABILITY = YES_AGGRESSIVE;
				CLANG_WARN_UNREACHABLE_CODE = YES;
				CLANG_WARN__DUPLICATE_METHOD_MATCH = YES;
				COPY_PHASE_STRIP = NO;
				DEBUG_INFORMATION_FORMAT = dwarf;
				ENABLE_STRICT_OBJC_MSGSEND = YES;
				ENABLE_TESTABILITY = YES;
				GCC_C_LANGUAGE_STANDARD = gnu11;
				GCC_DYNAMIC_NO_PIC = NO;
				GCC_NO_COMMON_BLOCKS = YES;
				GCC_OPTIMIZATION_LEVEL = 0;
				GCC_PREPROCESSOR_DEFINITIONS = (
					"DEBUG=1",
					"$(inherited)",
				);
				GCC_WARN_64_TO_32_BIT_CONVERSION = YES;
				GCC_WARN_ABOUT_RETURN_TYPE = YES_ERROR;
				GCC_WARN_UNDECLARED_SELECTOR = YES;
				GCC_WARN_UNINITIALIZED_AUTOS = YES_AGGRESSIVE;
				GCC_WARN_UNUSED_FUNCTION = YES;
				GCC_WARN_UNUSED_VARIABLE = YES;
				IPHONEOS_DEPLOYMENT_TARGET = 14.4;
				MTL_ENABLE_DEBUG_INFO = INCLUDE_SOURCE;
				MTL_FAST_MATH = YES;
				ONLY_ACTIVE_ARCH = YES;
				SDKROOT = iphoneos;
				SWIFT_ACTIVE_COMPILATION_CONDITIONS = DEBUG;
				SWIFT_OPTIMIZATION_LEVEL = "-Onone";
			};
			name = Debug;
		};
		E3822C1127D1262F00913760 /* Release */ = {
			isa = XCBuildConfiguration;
			buildSettings = {
				ALWAYS_SEARCH_USER_PATHS = NO;
				CLANG_ANALYZER_NONNULL = YES;
				CLANG_ANALYZER_NUMBER_OBJECT_CONVERSION = YES_AGGRESSIVE;
				CLANG_CXX_LANGUAGE_STANDARD = "gnu++14";
				CLANG_CXX_LIBRARY = "libc++";
				CLANG_ENABLE_MODULES = YES;
				CLANG_ENABLE_OBJC_ARC = YES;
				CLANG_ENABLE_OBJC_WEAK = YES;
				CLANG_WARN_BLOCK_CAPTURE_AUTORELEASING = YES;
				CLANG_WARN_BOOL_CONVERSION = YES;
				CLANG_WARN_COMMA = YES;
				CLANG_WARN_CONSTANT_CONVERSION = YES;
				CLANG_WARN_DEPRECATED_OBJC_IMPLEMENTATIONS = YES;
				CLANG_WARN_DIRECT_OBJC_ISA_USAGE = YES_ERROR;
				CLANG_WARN_DOCUMENTATION_COMMENTS = YES;
				CLANG_WARN_EMPTY_BODY = YES;
				CLANG_WARN_ENUM_CONVERSION = YES;
				CLANG_WARN_INFINITE_RECURSION = YES;
				CLANG_WARN_INT_CONVERSION = YES;
				CLANG_WARN_NON_LITERAL_NULL_CONVERSION = YES;
				CLANG_WARN_OBJC_IMPLICIT_RETAIN_SELF = YES;
				CLANG_WARN_OBJC_LITERAL_CONVERSION = YES;
				CLANG_WARN_OBJC_ROOT_CLASS = YES_ERROR;
				CLANG_WARN_QUOTED_INCLUDE_IN_FRAMEWORK_HEADER = YES;
				CLANG_WARN_RANGE_LOOP_ANALYSIS = YES;
				CLANG_WARN_STRICT_PROTOTYPES = YES;
				CLANG_WARN_SUSPICIOUS_MOVE = YES;
				CLANG_WARN_UNGUARDED_AVAILABILITY = YES_AGGRESSIVE;
				CLANG_WARN_UNREACHABLE_CODE = YES;
				CLANG_WARN__DUPLICATE_METHOD_MATCH = YES;
				COPY_PHASE_STRIP = NO;
				DEBUG_INFORMATION_FORMAT = "dwarf-with-dsym";
				ENABLE_NS_ASSERTIONS = NO;
				ENABLE_STRICT_OBJC_MSGSEND = YES;
				GCC_C_LANGUAGE_STANDARD = gnu11;
				GCC_NO_COMMON_BLOCKS = YES;
				GCC_WARN_64_TO_32_BIT_CONVERSION = YES;
				GCC_WARN_ABOUT_RETURN_TYPE = YES_ERROR;
				GCC_WARN_UNDECLARED_SELECTOR = YES;
				GCC_WARN_UNINITIALIZED_AUTOS = YES_AGGRESSIVE;
				GCC_WARN_UNUSED_FUNCTION = YES;
				GCC_WARN_UNUSED_VARIABLE = YES;
				IPHONEOS_DEPLOYMENT_TARGET = 14.4;
				MTL_ENABLE_DEBUG_INFO = NO;
				MTL_FAST_MATH = YES;
				SDKROOT = iphoneos;
				SWIFT_COMPILATION_MODE = wholemodule;
				SWIFT_OPTIMIZATION_LEVEL = "-O";
				VALIDATE_PRODUCT = YES;
			};
			name = Release;
		};
		E3822C1327D1262F00913760 /* Debug */ = {
			isa = XCBuildConfiguration;
			baseConfigurationReference = 33F1A11A95E31913CD1F010E /* Pods-Flix.debug.xcconfig */;
			buildSettings = {
				ASSETCATALOG_COMPILER_APPICON_NAME = AppIcon;
				ASSETCATALOG_COMPILER_GLOBAL_ACCENT_COLOR_NAME = AccentColor;
				CODE_SIGN_STYLE = Automatic;
				INFOPLIST_FILE = Flix/Info.plist;
				LD_RUNPATH_SEARCH_PATHS = (
					"$(inherited)",
					"@executable_path/Frameworks",
				);
				PRODUCT_BUNDLE_IDENTIFIER = memo.com.Flix;
				PRODUCT_NAME = "$(TARGET_NAME)";
				SWIFT_VERSION = 5.0;
				TARGETED_DEVICE_FAMILY = "1,2";
			};
			name = Debug;
		};
		E3822C1427D1262F00913760 /* Release */ = {
			isa = XCBuildConfiguration;
			baseConfigurationReference = C16E36CC7AC8AE656E35BD0A /* Pods-Flix.release.xcconfig */;
			buildSettings = {
				ASSETCATALOG_COMPILER_APPICON_NAME = AppIcon;
				ASSETCATALOG_COMPILER_GLOBAL_ACCENT_COLOR_NAME = AccentColor;
				CODE_SIGN_STYLE = Automatic;
				INFOPLIST_FILE = Flix/Info.plist;
				LD_RUNPATH_SEARCH_PATHS = (
					"$(inherited)",
					"@executable_path/Frameworks",
				);
				PRODUCT_BUNDLE_IDENTIFIER = memo.com.Flix;
				PRODUCT_NAME = "$(TARGET_NAME)";
				SWIFT_VERSION = 5.0;
				TARGETED_DEVICE_FAMILY = "1,2";
			};
			name = Release;
		};
		E3822C1627D1262F00913760 /* Debug */ = {
			isa = XCBuildConfiguration;
			baseConfigurationReference = 047331822A51E45D99FE0001 /* Pods-FlixTests.debug.xcconfig */;
			buildSettings = {
				ALWAYS_EMBED_SWIFT_STANDARD_LIBRARIES = YES;
				BUNDLE_LOADER = "$(TEST_HOST)";
				CODE_SIGN_STYLE = Automatic;
				INFOPLIST_FILE = FlixTests/Info.plist;
				IPHONEOS_DEPLOYMENT_TARGET = 14.4;
				LD_RUNPATH_SEARCH_PATHS = (
					"$(inherited)",
					"@executable_path/Frameworks",
					"@loader_path/Frameworks",
				);
				PRODUCT_BUNDLE_IDENTIFIER = memo.com.FlixTests;
				PRODUCT_NAME = "$(TARGET_NAME)";
				SWIFT_VERSION = 5.0;
				TARGETED_DEVICE_FAMILY = "1,2";
				TEST_HOST = "$(BUILT_PRODUCTS_DIR)/Flix.app/Flix";
			};
			name = Debug;
		};
		E3822C1727D1262F00913760 /* Release */ = {
			isa = XCBuildConfiguration;
			baseConfigurationReference = FA078CD0353265B713191A3A /* Pods-FlixTests.release.xcconfig */;
			buildSettings = {
				ALWAYS_EMBED_SWIFT_STANDARD_LIBRARIES = YES;
				BUNDLE_LOADER = "$(TEST_HOST)";
				CODE_SIGN_STYLE = Automatic;
				INFOPLIST_FILE = FlixTests/Info.plist;
				IPHONEOS_DEPLOYMENT_TARGET = 14.4;
				LD_RUNPATH_SEARCH_PATHS = (
					"$(inherited)",
					"@executable_path/Frameworks",
					"@loader_path/Frameworks",
				);
				PRODUCT_BUNDLE_IDENTIFIER = memo.com.FlixTests;
				PRODUCT_NAME = "$(TARGET_NAME)";
				SWIFT_VERSION = 5.0;
				TARGETED_DEVICE_FAMILY = "1,2";
				TEST_HOST = "$(BUILT_PRODUCTS_DIR)/Flix.app/Flix";
			};
			name = Release;
		};
		E3822C1927D1262F00913760 /* Debug */ = {
			isa = XCBuildConfiguration;
			baseConfigurationReference = E900CC9E07A872B53EA0508A /* Pods-Flix-FlixUITests.debug.xcconfig */;
			buildSettings = {
				ALWAYS_EMBED_SWIFT_STANDARD_LIBRARIES = YES;
				CODE_SIGN_STYLE = Automatic;
				INFOPLIST_FILE = FlixUITests/Info.plist;
				LD_RUNPATH_SEARCH_PATHS = (
					"$(inherited)",
					"@executable_path/Frameworks",
					"@loader_path/Frameworks",
				);
				PRODUCT_BUNDLE_IDENTIFIER = memo.com.FlixUITests;
				PRODUCT_NAME = "$(TARGET_NAME)";
				SWIFT_VERSION = 5.0;
				TARGETED_DEVICE_FAMILY = "1,2";
				TEST_TARGET_NAME = Flix;
			};
			name = Debug;
		};
		E3822C1A27D1262F00913760 /* Release */ = {
			isa = XCBuildConfiguration;
			baseConfigurationReference = B0190D5EBFAA3B5A525AC887 /* Pods-Flix-FlixUITests.release.xcconfig */;
			buildSettings = {
				ALWAYS_EMBED_SWIFT_STANDARD_LIBRARIES = YES;
				CODE_SIGN_STYLE = Automatic;
				INFOPLIST_FILE = FlixUITests/Info.plist;
				LD_RUNPATH_SEARCH_PATHS = (
					"$(inherited)",
					"@executable_path/Frameworks",
					"@loader_path/Frameworks",
				);
				PRODUCT_BUNDLE_IDENTIFIER = memo.com.FlixUITests;
				PRODUCT_NAME = "$(TARGET_NAME)";
				SWIFT_VERSION = 5.0;
				TARGETED_DEVICE_FAMILY = "1,2";
				TEST_TARGET_NAME = Flix;
			};
			name = Release;
		};
/* End XCBuildConfiguration section */

/* Begin XCConfigurationList section */
		E3822BE327D1260F00913760 /* Build configuration list for PBXProject "Flix" */ = {
			isa = XCConfigurationList;
			buildConfigurations = (
				E3822C1027D1262F00913760 /* Debug */,
				E3822C1127D1262F00913760 /* Release */,
			);
			defaultConfigurationIsVisible = 0;
			defaultConfigurationName = Release;
		};
		E3822C1227D1262F00913760 /* Build configuration list for PBXNativeTarget "Flix" */ = {
			isa = XCConfigurationList;
			buildConfigurations = (
				E3822C1327D1262F00913760 /* Debug */,
				E3822C1427D1262F00913760 /* Release */,
			);
			defaultConfigurationIsVisible = 0;
			defaultConfigurationName = Release;
		};
		E3822C1527D1262F00913760 /* Build configuration list for PBXNativeTarget "FlixTests" */ = {
			isa = XCConfigurationList;
			buildConfigurations = (
				E3822C1627D1262F00913760 /* Debug */,
				E3822C1727D1262F00913760 /* Release */,
			);
			defaultConfigurationIsVisible = 0;
			defaultConfigurationName = Release;
		};
		E3822C1827D1262F00913760 /* Build configuration list for PBXNativeTarget "FlixUITests" */ = {
			isa = XCConfigurationList;
			buildConfigurations = (
				E3822C1927D1262F00913760 /* Debug */,
				E3822C1A27D1262F00913760 /* Release */,
			);
			defaultConfigurationIsVisible = 0;
			defaultConfigurationName = Release;
		};
/* End XCConfigurationList section */

/* Begin XCRemoteSwiftPackageReference section */
		E3822C2F27D17C2200913760 /* XCRemoteSwiftPackageReference "AlamofireImage" */ = {
			isa = XCRemoteSwiftPackageReference;
			repositoryURL = "https://github.com/Alamofire/AlamofireImage";
			requirement = {
				kind = upToNextMajorVersion;
				minimumVersion = 4.2.0;
			};
		};
/* End XCRemoteSwiftPackageReference section */

/* Begin XCSwiftPackageProductDependency section */
		E3822C3027D17C2200913760 /* AlamofireImage */ = {
			isa = XCSwiftPackageProductDependency;
			package = E3822C2F27D17C2200913760 /* XCRemoteSwiftPackageReference "AlamofireImage" */;
			productName = AlamofireImage;
		};
/* End XCSwiftPackageProductDependency section */
	};
	rootObject = E3822BE027D1260F00913760 /* Project object */;
}
